{
  "version": 4,
  "terraform_version": "1.6.0",
  "serial": 114,
  "lineage": "38db8e47-116d-2b17-4dd6-f1f91efc5624",
  "outputs": {},
  "resources": [
    {
      "mode": "data",
      "type": "aws_acm_certificate",
      "name": "serve",
      "provider": "provider[\"registry.terraform.io/hashicorp/aws\"]",
      "instances": [
        {
          "schema_version": 0,
          "attributes": {
            "arn": "arn:aws:acm:us-west-2:396383602106:certificate/8a332446-29e9-4d96-8fc4-cbe0cc76b64a",
            "certificate": "-----BEGIN CERTIFICATE-----\nMIIF0TCCBLmgAwIBAgIQBwKrHaLCUDoTZcDs6YsWjDANBgkqhkiG9w0BAQsFADA8\nMQswCQYDVQQGEwJVUzEPMA0GA1UEChMGQW1hem9uMRwwGgYDVQQDExNBbWF6b24g\nUlNBIDIwNDggTTAzMB4XDTI1MDMyODAwMDAwMFoXDTI2MDQyNzIzNTk1OVowHTEb\nMBkGA1UEAxMSc2VydmUucmF2bi5zeXN0ZW1zMIIBIjANBgkqhkiG9w0BAQEFAAOC\nAQ8AMIIBCgKCAQEAtY9GVZ5hqP5qjA2O2uE3G12Pnfg0It496CMZNxjVY1i7NUSL\nhkNc7z2+PkZsg8wC3Oa2gn7pl/6m7xYRtSHm93fa+RSOSXAhQtr/qMORN/CGAHq7\n2FncW63kaxY2MWjbjkTVmbDW4zuP5iuQJ0b+bGGpC1uaIH9wRGOlmdmC1oOuJdsI\nXlKzdQ9yMUAuF/9yQ9WGJ/0VVmGyVHXoumxVn7ydhav7jv+bLwDai8xQ99MEGsMi\n2xezV+Uadng30ZKyLSUfo4yXBEQXHLWODbnWgkaDtWKvO29BEiJqvJCMQLw49zCE\n4wZMFHoKCX/v0L0haZUJhxoU/gMT9pRgqIUVkwIDAQABo4IC7DCCAugwHwYDVR0j\nBBgwFoAUVdkYX9IczAHhWLS+q9lVQgHXLgIwHQYDVR0OBBYEFMEHzzKrCwPaZPAF\neUDohN4YJxCrMB0GA1UdEQQWMBSCEnNlcnZlLnJhdm4uc3lzdGVtczATBgNVHSAE\nDDAKMAgGBmeBDAECATAOBgNVHQ8BAf8EBAMCBaAwHQYDVR0lBBYwFAYIKwYBBQUH\nAwEGCCsGAQUFBwMCMDsGA1UdHwQ0MDIwMKAuoCyGKmh0dHA6Ly9jcmwucjJtMDMu\nYW1hem9udHJ1c3QuY29tL3IybTAzLmNybDB1BggrBgEFBQcBAQRpMGcwLQYIKwYB\nBQUHMAGGIWh0dHA6Ly9vY3NwLnIybTAzLmFtYXpvbnRydXN0LmNvbTA2BggrBgEF\nBQcwAoYqaHR0cDovL2NydC5yMm0wMy5hbWF6b250cnVzdC5jb20vcjJtMDMuY2Vy\nMAwGA1UdEwEB/wQCMAAwggF/BgorBgEEAdZ5AgQCBIIBbwSCAWsBaQB3AA5XlLzz\nrqk+MxssmQez95Dfm8I9cTIl3SGpJaxhxU4hAAABldqaptkAAAQDAEgwRgIhAJOn\nbZ4EpQeJDQ1NwJMPpObNmj6qPKCW/P2SHErYb1mPAiEAuTk4eCQFccEpRVTgHt/K\nDlwIGplA/XEFIleyn/YYtygAdQBJnJtp3h187Pw23s2HZKa4W68Kh4AZ0VVS++nr\nKd34wwAAAZXamqcqAAAEAwBGMEQCIGorYmEmxD1zMgKOQgivBoITK0kzan39f9cb\nlhzAdMa8AiBLCyGIqCc1Q+XDZyDPtZONdvwNBerVCnkNrCPhnhyhpQB3AMs49xWJ\nfIShRF9bwd37yW7ymlnNRwppBYWwyxTDFFjnAAABldqapuYAAAQDAEgwRgIhAOGO\nMPxTQChq4CFc7w29ExjuMbCGY0ixZtnbPhaBWrMGAiEA/s+d+Vht0GLffKiIiE42\nEpCDc61/TPb05MhWtYlWoPQwDQYJKoZIhvcNAQELBQADggEBAEr70yPVi309qRfb\nNT5piLy418QsIbzWjgFI21a/f87fxh/BhMvTx83pRWgnXa010O3YnUo2coK5KHoX\n0IYhk9eiiisAT67FkAuVDXoHX+VzCutR4Y88XiQ58Cv8qkvCXgDT85q32k9mm4yK\nzsR7c/Ph/i1A1DCQT0tdNzTTwSwI9x1cYReUzk11drG9CDbe7ToXhk+BGaG4ZmTB\nvybq4v+oEYY7Z5VyPyr2/h/V/igtC5MhUHgXf2JgwFKGTMsSG0DoyqYXy3Q2R5GY\nAlkBIcX+VGPDKGrgJHY2CI819pr2DU3GxgE73Fd09ZQO4R63CUtypfC/D7Jk7UTD\nho+CEJc=\n-----END CERTIFICATE-----\n",
            "certificate_chain": "-----BEGIN CERTIFICATE-----\nMIIEXjCCA0agAwIBAgITB3MSTNQG0mfAmRzdKZqfODF5hTANBgkqhkiG9w0BAQsF\nADA5MQswCQYDVQQGEwJVUzEPMA0GA1UEChMGQW1hem9uMRkwFwYDVQQDExBBbWF6\nb24gUm9vdCBDQSAxMB4XDTIyMDgyMzIyMjYwNFoXDTMwMDgyMzIyMjYwNFowPDEL\nMAkGA1UEBhMCVVMxDzANBgNVBAoTBkFtYXpvbjEcMBoGA1UEAxMTQW1hem9uIFJT\nQSAyMDQ4IE0wMzCCASIwDQYJKoZIhvcNAQEBBQADggEPADCCAQoCggEBALd/pVko\n8vuM475Tf45HV3BbCl/B9Jy89G1CRkFjcPY06WA9lS+7dWbUA7GtWUKoksr69hKM\nwcMsNpxlw7b3jeXFgxB09/nmalcAWtnLzF+LaDKEA5DQmvKzuh1nfIfqEiKCQSmX\nXh09Xs+dO7cm5qbaL2hhNJCSAejciwcvOFgFNgEMR42wm6KIFHsQW28jhA+1u/M0\np6fVwReuEgZfLfdx82Px0LJck3lST3EB/JfbdsdOzzzg5YkY1dfuqf8y5fUeZ7Cz\nWXbTjujwX/TovmeWKA36VLCz75azW6tDNuDn66FOpADZZ9omVaF6BqNJiLMVl6P3\n/c0OiUMC6Z5OfKcCAwEAAaOCAVowggFWMBIGA1UdEwEB/wQIMAYBAf8CAQAwDgYD\nVR0PAQH/BAQDAgGGMB0GA1UdJQQWMBQGCCsGAQUFBwMBBggrBgEFBQcDAjAdBgNV\nHQ4EFgQUVdkYX9IczAHhWLS+q9lVQgHXLgIwHwYDVR0jBBgwFoAUhBjMhTTsvAyU\nlC4IWZzHshBOCggwewYIKwYBBQUHAQEEbzBtMC8GCCsGAQUFBzABhiNodHRwOi8v\nb2NzcC5yb290Y2ExLmFtYXpvbnRydXN0LmNvbTA6BggrBgEFBQcwAoYuaHR0cDov\nL2NydC5yb290Y2ExLmFtYXpvbnRydXN0LmNvbS9yb290Y2ExLmNlcjA/BgNVHR8E\nODA2MDSgMqAwhi5odHRwOi8vY3JsLnJvb3RjYTEuYW1hem9udHJ1c3QuY29tL3Jv\nb3RjYTEuY3JsMBMGA1UdIAQMMAowCAYGZ4EMAQIBMA0GCSqGSIb3DQEBCwUAA4IB\nAQAGjeWm2cC+3z2MzSCnte46/7JZvj3iQZDY7EvODNdZF41n71Lrk9kbfNwerK0d\nVNzW36Wefr7j7ZSwBVg50W5ay65jNSN74TTQV1yt4WnSbVvN6KlMs1hiyOZdoHKs\nKDV2UGNxbdoBYCQNa2GYF8FQIWLugNp35aSOpMy6cFlymFQomIrnOQHwK1nvVY4q\nxDSJMU/gNJz17D8ArPN3ngnyZ2TwepJ0uBINz3G5te2rdFUF4i4Y3Bb7FUlHDYm4\nu8aIRGpk2ZpfXmxaoxnbIBZRvGLPSUuPwnwoUOMsJ8jirI5vs2dvchPb7MtI1rle\ni02f2ivH2vxkjDLltSpe2fiC\n-----END CERTIFICATE-----\n-----BEGIN CERTIFICATE-----\nMIIEkjCCA3qgAwIBAgITBn+USionzfP6wq4rAfkI7rnExjANBgkqhkiG9w0BAQsF\nADCBmDELMAkGA1UEBhMCVVMxEDAOBgNVBAgTB0FyaXpvbmExEzARBgNVBAcTClNj\nb3R0c2RhbGUxJTAjBgNVBAoTHFN0YXJmaWVsZCBUZWNobm9sb2dpZXMsIEluYy4x\nOzA5BgNVBAMTMlN0YXJmaWVsZCBTZXJ2aWNlcyBSb290IENlcnRpZmljYXRlIEF1\ndGhvcml0eSAtIEcyMB4XDTE1MDUyNTEyMDAwMFoXDTM3MTIzMTAxMDAwMFowOTEL\nMAkGA1UEBhMCVVMxDzANBgNVBAoTBkFtYXpvbjEZMBcGA1UEAxMQQW1hem9uIFJv\nb3QgQ0EgMTCCASIwDQYJKoZIhvcNAQEBBQADggEPADCCAQoCggEBALJ4gHHKeNXj\nca9HgFB0fW7Y14h29Jlo91ghYPl0hAEvrAIthtOgQ3pOsqTQNroBvo3bSMgHFzZM\n9O6II8c+6zf1tRn4SWiw3te5djgdYZ6k/oI2peVKVuRF4fn9tBb6dNqcmzU5L/qw\nIFAGbHrQgLKm+a/sRxmPUDgH3KKHOVj4utWp+UhnMJbulHheb4mjUcAwhmahRWa6\nVOujw5H5SNz/0egwLX0tdHA114gk957EWW67c4cX8jJGKLhD+rcdqsq08p8kDi1L\n93FcXmn/6pUCyziKrlA4b9v7LWIbxcceVOF34GfID5yHI9Y/QCB/IIDEgEw+OyQm\njgSubJrIqg0CAwEAAaOCATEwggEtMA8GA1UdEwEB/wQFMAMBAf8wDgYDVR0PAQH/\nBAQDAgGGMB0GA1UdDgQWBBSEGMyFNOy8DJSULghZnMeyEE4KCDAfBgNVHSMEGDAW\ngBScXwDfqgHXMCs4iKK4bUqc8hGRgzB4BggrBgEFBQcBAQRsMGowLgYIKwYBBQUH\nMAGGImh0dHA6Ly9vY3NwLnJvb3RnMi5hbWF6b250cnVzdC5jb20wOAYIKwYBBQUH\nMAKGLGh0dHA6Ly9jcnQucm9vdGcyLmFtYXpvbnRydXN0LmNvbS9yb290ZzIuY2Vy\nMD0GA1UdHwQ2MDQwMqAwoC6GLGh0dHA6Ly9jcmwucm9vdGcyLmFtYXpvbnRydXN0\nLmNvbS9yb290ZzIuY3JsMBEGA1UdIAQKMAgwBgYEVR0gADANBgkqhkiG9w0BAQsF\nAAOCAQEAYjdCXLwQtT6LLOkMm2xF4gcAevnFWAu5CIw+7bMlPLVvUOTNNWqnkzSW\nMiGpSESrnO09tKpzbeR/FoCJbM8oAxiDR3mjEH4wW6w7sGDgd9QIpuEdfF7Au/ma\neyKdpwAJfqxGF4PcnCZXmTA5YpaP7dreqsXMGz7KQ2hsVxa81Q4gLv7/wmpdLqBK\nbRRYh5TmOTFffHPLkIhqhBGWJ6bt2YFGpn6jcgAKUj6DiAdjd4lpFw85hdKrCEVN\n0FE6/V1dN2RMfjCyVSRCnTawXZwXgWHxyvkQAiSr6w10kY17RSlQOYiypok1JR4U\nakcjMS9cmvqtmg5iUaQqqcT5NJ0hGA==\n-----END CERTIFICATE-----\n",
            "domain": "serve.ravn.systems",
            "id": "arn:aws:acm:us-west-2:396383602106:certificate/8a332446-29e9-4d96-8fc4-cbe0cc76b64a",
            "key_types": null,
            "most_recent": false,
            "status": "ISSUED",
            "statuses": [
              "ISSUED"
            ],
            "tags": {},
            "types": null
          },
          "sensitive_attributes": []
        }
      ]
    },
    {
      "mode": "data",
      "type": "aws_availability_zones",
      "name": "available",
      "provider": "provider[\"registry.terraform.io/hashicorp/aws\"]",
      "instances": [
        {
          "schema_version": 0,
          "attributes": {
            "all_availability_zones": null,
            "exclude_names": null,
            "exclude_zone_ids": null,
            "filter": null,
            "group_names": [
              "us-west-2-zg-1"
            ],
            "id": "us-west-2",
            "names": [
              "us-west-2a",
              "us-west-2b",
              "us-west-2c",
              "us-west-2d"
            ],
            "state": null,
            "timeouts": null,
            "zone_ids": [
              "usw2-az2",
              "usw2-az1",
              "usw2-az3",
              "usw2-az4"
            ]
          },
          "sensitive_attributes": []
        }
      ]
    },
    {
      "mode": "data",
      "type": "aws_subnets",
      "name": "public",
      "provider": "provider[\"registry.terraform.io/hashicorp/aws\"]",
      "instances": [
        {
          "schema_version": 0,
          "attributes": {
            "filter": [
              {
                "name": "vpc-id",
                "values": [
                  "vpc-08b316cba5fac8d41"
                ]
              }
            ],
            "id": "us-west-2",
            "ids": [
              "subnet-04444068354fd64e1",
              "subnet-07ae728b5b257168c",
              "subnet-05109a2189b2907ed"
            ],
            "tags": {
              "Name": "serve-uw2-public-*"
            },
            "timeouts": null
          },
          "sensitive_attributes": []
        }
      ]
    },
    {
      "mode": "data",
      "type": "aws_vpc",
      "name": "this",
      "provider": "provider[\"registry.terraform.io/hashicorp/aws\"]",
      "instances": [
        {
          "schema_version": 0,
          "attributes": {
            "arn": "arn:aws:ec2:us-west-2:396383602106:vpc/vpc-08b316cba5fac8d41",
            "cidr_block": "10.100.0.0/16",
            "cidr_block_associations": [
              {
                "association_id": "vpc-cidr-assoc-03a789c735ba9c2aa",
                "cidr_block": "10.100.0.0/16",
                "state": "associated"
              }
            ],
            "default": false,
            "dhcp_options_id": "dopt-0b5a5bef1dc9f92bd",
            "enable_dns_hostnames": true,
            "enable_dns_support": true,
            "enable_network_address_usage_metrics": false,
            "filter": [
              {
                "name": "tag:Name",
                "values": [
                  "serve-uw2"
                ]
              }
            ],
            "id": "vpc-08b316cba5fac8d41",
            "instance_tenancy": "default",
            "ipv6_association_id": "",
            "ipv6_cidr_block": "",
            "main_route_table_id": "rtb-06e180a34b0e006b5",
            "owner_id": "396383602106",
            "state": null,
            "tags": {
              "App": "serve",
              "Name": "serve-uw2",
              "Terraform": "true"
            },
            "timeouts": null
          },
          "sensitive_attributes": []
        }
      ]
    },
    {
      "mode": "managed",
      "type": "aws_instance",
      "name": "serve_app",
      "provider": "provider[\"registry.terraform.io/hashicorp/aws\"]",
      "instances": [
        {
          "schema_version": 1,
          "attributes": {
            "ami": "ami-0ce0152a3f6225d58",
            "arn": "arn:aws:ec2:us-west-2:396383602106:instance/i-0a7d15b82bf6d9576",
            "associate_public_ip_address": true,
            "availability_zone": "us-west-2c",
            "capacity_reservation_specification": [
              {
                "capacity_reservation_preference": "open",
                "capacity_reservation_target": []
              }
            ],
            "cpu_core_count": 1,
            "cpu_options": [
              {
                "amd_sev_snp": "",
                "core_count": 1,
                "threads_per_core": 2
              }
            ],
            "cpu_threads_per_core": 2,
            "credit_specification": [
              {
                "cpu_credits": "unlimited"
              }
            ],
            "disable_api_stop": false,
            "disable_api_termination": false,
            "ebs_block_device": [],
            "ebs_optimized": false,
            "enable_primary_ipv6": null,
            "enclave_options": [
              {
                "enabled": false
              }
            ],
            "ephemeral_block_device": [],
            "get_password_data": false,
            "hibernation": false,
            "host_id": "",
            "host_resource_group_arn": null,
            "iam_instance_profile": "",
            "id": "i-0a7d15b82bf6d9576",
            "instance_initiated_shutdown_behavior": "stop",
            "instance_lifecycle": "",
            "instance_market_options": [],
            "instance_state": "running",
            "instance_type": "t3.medium",
            "ipv6_address_count": 0,
            "ipv6_addresses": [],
            "key_name": "aravn-mbp",
            "launch_template": [],
            "maintenance_options": [
              {
                "auto_recovery": "default"
              }
            ],
            "metadata_options": [
              {
                "http_endpoint": "enabled",
                "http_protocol_ipv6": "disabled",
                "http_put_response_hop_limit": 2,
                "http_tokens": "required",
                "instance_metadata_tags": "disabled"
              }
            ],
            "monitoring": false,
            "network_interface": [],
            "outpost_arn": "",
            "password_data": "",
            "placement_group": "",
            "placement_partition_number": 0,
            "primary_network_interface_id": "eni-02767692a2f5585d9",
            "private_dns": "ip-10-100-103-225.us-west-2.compute.internal",
            "private_dns_name_options": [
              {
                "enable_resource_name_dns_a_record": false,
                "enable_resource_name_dns_aaaa_record": false,
                "hostname_type": "ip-name"
              }
            ],
            "private_ip": "10.100.103.225",
            "public_dns": "ec2-52-41-90-135.us-west-2.compute.amazonaws.com",
            "public_ip": "52.41.90.135",
            "root_block_device": [
              {
                "delete_on_termination": true,
                "device_name": "/dev/xvda",
                "encrypted": false,
                "iops": 3000,
                "kms_key_id": "",
                "tags": null,
                "tags_all": {
                  "App": "serve",
                  "Terraform": "true"
                },
                "throughput": 125,
                "volume_id": "vol-0f2fb47f1634237c0",
                "volume_size": 30,
                "volume_type": "gp3"
              }
            ],
            "secondary_private_ips": [],
            "security_groups": [
              "sg-0549f047d86e3e036"
            ],
            "source_dest_check": true,
            "spot_instance_request_id": "",
            "subnet_id": "subnet-04444068354fd64e1",
            "tags": {
              "Name": "serve-app"
            },
            "tags_all": {
              "App": "serve",
              "Name": "serve-app",
              "Terraform": "true"
            },
            "tenancy": "default",
            "timeouts": null,
            "user_data": "54e7b4c6fec6881adcbd4de4900416c0ca879e1d",
            "user_data_base64": null,
            "user_data_replace_on_change": false,
            "volume_tags": null,
            "vpc_security_group_ids": [
              "sg-0549f047d86e3e036"
            ]
          },
          "sensitive_attributes": [],
          "private": "eyJlMmJmYjczMC1lY2FhLTExZTYtOGY4OC0zNDM2M2JjN2M0YzAiOnsiY3JlYXRlIjo2MDAwMDAwMDAwMDAsImRlbGV0ZSI6MTIwMDAwMDAwMDAwMCwicmVhZCI6OTAwMDAwMDAwMDAwLCJ1cGRhdGUiOjYwMDAwMDAwMDAwMH0sInNjaGVtYV92ZXJzaW9uIjoiMSJ9",
          "dependencies": [
            "aws_security_group.serve_vm",
            "data.aws_subnets.public",
            "data.aws_vpc.this"
          ]
        }
      ]
    },
    {
      "mode": "managed",
      "type": "aws_security_group",
      "name": "serve_alb",
      "provider": "provider[\"registry.terraform.io/hashicorp/aws\"]",
      "instances": [
        {
          "schema_version": 1,
          "attributes": {
            "arn": "arn:aws:ec2:us-west-2:396383602106:security-group/sg-0dd5cd65f860fa7ae",
            "description": "serve alb",
            "egress": [
              {
                "cidr_blocks": [
                  "0.0.0.0/0"
                ],
                "description": "",
                "from_port": 0,
                "ipv6_cidr_blocks": [],
                "prefix_list_ids": [],
                "protocol": "-1",
                "security_groups": [],
                "self": false,
                "to_port": 0
              }
            ],
            "id": "sg-0dd5cd65f860fa7ae",
            "ingress": [
              {
                "cidr_blocks": [
                  "0.0.0.0/0"
                ],
                "description": "",
                "from_port": 443,
                "ipv6_cidr_blocks": [],
                "prefix_list_ids": [],
                "protocol": "tcp",
                "security_groups": [],
                "self": false,
                "to_port": 443
              },
              {
                "cidr_blocks": [
                  "0.0.0.0/0"
                ],
                "description": "",
                "from_port": 80,
                "ipv6_cidr_blocks": [],
                "prefix_list_ids": [],
                "protocol": "tcp",
                "security_groups": [],
                "self": false,
                "to_port": 80
              }
            ],
            "name": "serve-alb",
            "name_prefix": "",
            "owner_id": "396383602106",
            "revoke_rules_on_delete": false,
            "tags": {},
            "tags_all": {
              "App": "serve",
              "Terraform": "true"
            },
            "timeouts": null,
            "vpc_id": "vpc-08b316cba5fac8d41"
          },
          "sensitive_attributes": [],
          "private": "eyJlMmJmYjczMC1lY2FhLTExZTYtOGY4OC0zNDM2M2JjN2M0YzAiOnsiY3JlYXRlIjo2MDAwMDAwMDAwMDAsImRlbGV0ZSI6OTAwMDAwMDAwMDAwfSwic2NoZW1hX3ZlcnNpb24iOiIxIn0=",
          "dependencies": [
            "data.aws_vpc.this"
          ]
        }
      ]
    },
    {
      "mode": "managed",
      "type": "aws_security_group",
      "name": "serve_vm",
      "provider": "provider[\"registry.terraform.io/hashicorp/aws\"]",
      "instances": [
        {
          "schema_version": 1,
          "attributes": {
            "arn": "arn:aws:ec2:us-west-2:396383602106:security-group/sg-0549f047d86e3e036",
            "description": "server app",
            "egress": [
              {
                "cidr_blocks": [
                  "0.0.0.0/0"
                ],
                "description": "",
                "from_port": 0,
                "ipv6_cidr_blocks": [],
                "prefix_list_ids": [],
                "protocol": "-1",
                "security_groups": [],
                "self": false,
                "to_port": 0
              }
            ],
            "id": "sg-0549f047d86e3e036",
            "ingress": [
              {
                "cidr_blocks": [
                  "10.100.0.0/16"
                ],
                "description": "",
                "from_port": 0,
                "ipv6_cidr_blocks": [],
                "prefix_list_ids": [],
                "protocol": "-1",
                "security_groups": [],
                "self": false,
                "to_port": 0
              },
              {
                "cidr_blocks": [
                  "76.131.61.220/32"
                ],
                "description": "",
                "from_port": 22,
                "ipv6_cidr_blocks": [],
                "prefix_list_ids": [],
                "protocol": "tcp",
                "security_groups": [],
                "self": false,
                "to_port": 22
              },
              {
                "cidr_blocks": [
                  "76.131.61.220/32"
                ],
                "description": "",
                "from_port": 3000,
                "ipv6_cidr_blocks": [],
                "prefix_list_ids": [],
                "protocol": "tcp",
                "security_groups": [],
                "self": false,
                "to_port": 3000
              },
              {
                "cidr_blocks": [
                  "76.131.61.220/32"
                ],
                "description": "",
                "from_port": 443,
                "ipv6_cidr_blocks": [],
                "prefix_list_ids": [],
                "protocol": "tcp",
                "security_groups": [],
                "self": false,
                "to_port": 443
              },
              {
                "cidr_blocks": [
                  "76.131.61.220/32"
                ],
                "description": "",
                "from_port": 80,
                "ipv6_cidr_blocks": [],
                "prefix_list_ids": [],
                "protocol": "tcp",
                "security_groups": [],
                "self": false,
                "to_port": 80
              }
            ],
            "name": "serve",
            "name_prefix": "",
            "owner_id": "396383602106",
            "revoke_rules_on_delete": false,
            "tags": {},
            "tags_all": {
              "App": "serve",
              "Terraform": "true"
            },
            "timeouts": null,
            "vpc_id": "vpc-08b316cba5fac8d41"
          },
          "sensitive_attributes": [],
          "private": "eyJlMmJmYjczMC1lY2FhLTExZTYtOGY4OC0zNDM2M2JjN2M0YzAiOnsiY3JlYXRlIjo2MDAwMDAwMDAwMDAsImRlbGV0ZSI6OTAwMDAwMDAwMDAwfSwic2NoZW1hX3ZlcnNpb24iOiIxIn0=",
          "dependencies": [
            "data.aws_vpc.this"
          ]
        }
      ]
    },
    {
      "mode": "managed",
      "type": "aws_vpc_security_group_ingress_rule",
      "name": "alb_http",
      "provider": "provider[\"registry.terraform.io/hashicorp/aws\"]",
      "instances": [
        {
          "schema_version": 0,
          "attributes": {
            "arn": "arn:aws:ec2:us-west-2:396383602106:security-group-rule/sgr-05fa106b975510912",
            "cidr_ipv4": "0.0.0.0/0",
            "cidr_ipv6": null,
            "description": null,
            "from_port": 80,
            "id": "sgr-05fa106b975510912",
            "ip_protocol": "tcp",
            "prefix_list_id": null,
            "referenced_security_group_id": null,
            "security_group_id": "sg-0dd5cd65f860fa7ae",
            "security_group_rule_id": "sgr-05fa106b975510912",
            "tags": null,
            "tags_all": {
              "App": "serve",
              "Terraform": "true"
            },
            "to_port": 80
          },
          "sensitive_attributes": [],
          "dependencies": [
            "aws_security_group.serve_alb",
            "data.aws_vpc.this"
          ]
        }
      ]
    },
    {
      "mode": "managed",
      "type": "aws_vpc_security_group_ingress_rule",
      "name": "alb_https",
      "provider": "provider[\"registry.terraform.io/hashicorp/aws\"]",
      "instances": [
        {
          "schema_version": 0,
          "attributes": {
            "arn": "arn:aws:ec2:us-west-2:396383602106:security-group-rule/sgr-025ce9e12878e9f01",
            "cidr_ipv4": "0.0.0.0/0",
            "cidr_ipv6": null,
            "description": null,
            "from_port": 443,
            "id": "sgr-025ce9e12878e9f01",
            "ip_protocol": "tcp",
            "prefix_list_id": null,
            "referenced_security_group_id": null,
            "security_group_id": "sg-0dd5cd65f860fa7ae",
            "security_group_rule_id": "sgr-025ce9e12878e9f01",
            "tags": null,
            "tags_all": {
              "App": "serve",
              "Terraform": "true"
            },
            "to_port": 443
          },
          "sensitive_attributes": [],
          "dependencies": [
            "aws_security_group.serve_alb",
            "data.aws_vpc.this"
          ]
        }
      ]
    },
    {
      "mode": "managed",
      "type": "aws_vpc_security_group_ingress_rule",
      "name": "allow_lb",
      "provider": "provider[\"registry.terraform.io/hashicorp/aws\"]",
      "instances": [
        {
          "schema_version": 0,
          "attributes": {
            "arn": "arn:aws:ec2:us-west-2:396383602106:security-group-rule/sgr-0bd640188ac19e2d9",
            "cidr_ipv4": "10.100.0.0/16",
            "cidr_ipv6": null,
            "description": null,
            "from_port": null,
            "id": "sgr-0bd640188ac19e2d9",
            "ip_protocol": "-1",
            "prefix_list_id": null,
            "referenced_security_group_id": null,
            "security_group_id": "sg-0549f047d86e3e036",
            "security_group_rule_id": "sgr-0bd640188ac19e2d9",
            "tags": null,
            "tags_all": {
              "App": "serve",
              "Terraform": "true"
            },
            "to_port": null
          },
          "sensitive_attributes": [],
          "dependencies": [
            "aws_security_group.serve_vm",
            "data.aws_vpc.this"
          ]
        }
      ]
    },
    {
      "mode": "managed",
      "type": "aws_vpc_security_group_ingress_rule",
      "name": "http",
      "provider": "provider[\"registry.terraform.io/hashicorp/aws\"]",
      "instances": [
        {
          "schema_version": 0,
          "attributes": {
            "arn": "arn:aws:ec2:us-west-2:396383602106:security-group-rule/sgr-021f3f9e2456e0dfa",
            "cidr_ipv4": "76.131.61.220/32",
            "cidr_ipv6": null,
            "description": null,
            "from_port": 80,
            "id": "sgr-021f3f9e2456e0dfa",
            "ip_protocol": "tcp",
            "prefix_list_id": null,
            "referenced_security_group_id": null,
            "security_group_id": "sg-0549f047d86e3e036",
            "security_group_rule_id": "sgr-021f3f9e2456e0dfa",
            "tags": null,
            "tags_all": {
              "App": "serve",
              "Terraform": "true"
            },
            "to_port": 80
          },
          "sensitive_attributes": [],
          "dependencies": [
            "aws_security_group.serve_vm",
            "data.aws_vpc.this"
          ]
        }
      ]
    },
    {
      "mode": "managed",
      "type": "aws_vpc_security_group_ingress_rule",
      "name": "https",
      "provider": "provider[\"registry.terraform.io/hashicorp/aws\"]",
      "instances": [
        {
          "schema_version": 0,
          "attributes": {
            "arn": "arn:aws:ec2:us-west-2:396383602106:security-group-rule/sgr-08dec38e9adc4e461",
            "cidr_ipv4": "76.131.61.220/32",
            "cidr_ipv6": null,
            "description": null,
            "from_port": 443,
            "id": "sgr-08dec38e9adc4e461",
            "ip_protocol": "tcp",
            "prefix_list_id": null,
            "referenced_security_group_id": null,
            "security_group_id": "sg-0549f047d86e3e036",
            "security_group_rule_id": "sgr-08dec38e9adc4e461",
            "tags": null,
            "tags_all": {
              "App": "serve",
              "Terraform": "true"
            },
            "to_port": 443
          },
          "sensitive_attributes": [],
          "dependencies": [
            "aws_security_group.serve_vm",
            "data.aws_vpc.this"
          ]
        }
      ]
    },
    {
      "mode": "managed",
      "type": "aws_vpc_security_group_ingress_rule",
      "name": "nginx",
      "provider": "provider[\"registry.terraform.io/hashicorp/aws\"]",
      "instances": [
        {
          "schema_version": 0,
          "attributes": {
            "arn": "arn:aws:ec2:us-west-2:396383602106:security-group-rule/sgr-0b765845b7640293b",
            "cidr_ipv4": "76.131.61.220/32",
            "cidr_ipv6": null,
            "description": null,
            "from_port": 3000,
            "id": "sgr-0b765845b7640293b",
            "ip_protocol": "tcp",
            "prefix_list_id": null,
            "referenced_security_group_id": null,
            "security_group_id": "sg-0549f047d86e3e036",
            "security_group_rule_id": "sgr-0b765845b7640293b",
            "tags": null,
            "tags_all": {
              "App": "serve",
              "Terraform": "true"
            },
            "to_port": 3000
          },
          "sensitive_attributes": [],
          "dependencies": [
            "aws_security_group.serve_vm",
            "data.aws_vpc.this"
          ]
        }
      ]
    },
    {
      "mode": "managed",
      "type": "aws_vpc_security_group_ingress_rule",
      "name": "ssh",
      "provider": "provider[\"registry.terraform.io/hashicorp/aws\"]",
      "instances": [
        {
          "schema_version": 0,
          "attributes": {
            "arn": "arn:aws:ec2:us-west-2:396383602106:security-group-rule/sgr-01847990dc60db943",
            "cidr_ipv4": "76.131.61.220/32",
            "cidr_ipv6": null,
            "description": null,
            "from_port": 22,
            "id": "sgr-01847990dc60db943",
            "ip_protocol": "tcp",
            "prefix_list_id": null,
            "referenced_security_group_id": null,
            "security_group_id": "sg-0549f047d86e3e036",
            "security_group_rule_id": "sgr-01847990dc60db943",
            "tags": null,
            "tags_all": {
              "App": "serve",
              "Terraform": "true"
            },
            "to_port": 22
          },
          "sensitive_attributes": [],
          "dependencies": [
            "aws_security_group.serve_vm",
            "data.aws_vpc.this"
          ]
        }
      ]
    },
    {
      "module": "module.alb",
      "mode": "data",
      "type": "aws_partition",
      "name": "current",
      "provider": "provider[\"registry.terraform.io/hashicorp/aws\"]",
      "instances": [
        {
          "schema_version": 0,
          "attributes": {
            "dns_suffix": "amazonaws.com",
            "id": "aws",
            "partition": "aws",
            "reverse_dns_prefix": "com.amazonaws"
          },
          "sensitive_attributes": []
        }
      ]
    },
    {
      "module": "module.alb",
      "mode": "managed",
      "type": "aws_lb",
      "name": "this",
      "provider": "provider[\"registry.terraform.io/hashicorp/aws\"]",
      "instances": [
        {
          "index_key": 0,
          "schema_version": 0,
          "attributes": {
            "access_logs": [
              {
                "bucket": "",
                "enabled": false,
                "prefix": ""
              }
            ],
            "arn": "arn:aws:elasticloadbalancing:us-west-2:396383602106:loadbalancer/app/servev2/89c3d94389701b45",
            "arn_suffix": "app/servev2/89c3d94389701b45",
            "client_keep_alive": 3600,
            "connection_logs": [
              {
                "bucket": "",
                "enabled": false,
                "prefix": ""
              }
            ],
            "customer_owned_ipv4_pool": "",
            "desync_mitigation_mode": "defensive",
            "dns_name": "servev2-229772023.us-west-2.elb.amazonaws.com",
            "dns_record_client_routing_policy": null,
            "drop_invalid_header_fields": true,
            "enable_cross_zone_load_balancing": true,
            "enable_deletion_protection": false,
            "enable_http2": true,
            "enable_tls_version_and_cipher_suite_headers": false,
            "enable_waf_fail_open": false,
            "enable_xff_client_port": false,
            "enable_zonal_shift": false,
            "enforce_security_group_inbound_rules_on_private_link_traffic": "",
            "id": "arn:aws:elasticloadbalancing:us-west-2:396383602106:loadbalancer/app/servev2/89c3d94389701b45",
            "idle_timeout": 60,
            "internal": false,
            "ip_address_type": "ipv4",
            "ipam_pools": [],
            "load_balancer_type": "application",
            "name": "servev2",
            "name_prefix": "",
            "preserve_host_header": false,
            "security_groups": [
              "sg-0dd5cd65f860fa7ae"
            ],
            "subnet_mapping": [
              {
                "allocation_id": "",
                "ipv6_address": "",
                "outpost_id": "",
                "private_ipv4_address": "",
                "subnet_id": "subnet-04444068354fd64e1"
              },
              {
                "allocation_id": "",
                "ipv6_address": "",
                "outpost_id": "",
                "private_ipv4_address": "",
                "subnet_id": "subnet-05109a2189b2907ed"
              },
              {
                "allocation_id": "",
                "ipv6_address": "",
                "outpost_id": "",
                "private_ipv4_address": "",
                "subnet_id": "subnet-07ae728b5b257168c"
              }
            ],
            "subnets": [
              "subnet-04444068354fd64e1",
              "subnet-05109a2189b2907ed",
              "subnet-07ae728b5b257168c"
            ],
            "tags": {
              "terraform-aws-modules": "alb"
            },
            "tags_all": {
              "App": "serve",
              "Terraform": "true",
              "terraform-aws-modules": "alb"
            },
            "timeouts": {
              "create": null,
              "delete": null,
              "update": null
            },
            "vpc_id": "vpc-08b316cba5fac8d41",
            "xff_header_processing_mode": "append",
            "zone_id": "Z1H1FL5HABSF5"
          },
          "sensitive_attributes": [],
          "private": "eyJlMmJmYjczMC1lY2FhLTExZTYtOGY4OC0zNDM2M2JjN2M0YzAiOnsiY3JlYXRlIjo2MDAwMDAwMDAwMDAsImRlbGV0ZSI6NjAwMDAwMDAwMDAwLCJ1cGRhdGUiOjYwMDAwMDAwMDAwMH19",
          "dependencies": [
            "aws_security_group.serve_alb",
            "data.aws_subnets.public",
            "data.aws_vpc.this",
            "module.alb.aws_security_group.this"
          ]
        }
      ]
    },
    {
      "module": "module.alb",
      "mode": "managed",
      "type": "aws_lb_listener",
      "name": "this",
      "provider": "provider[\"registry.terraform.io/hashicorp/aws\"]",
      "instances": [
        {
          "index_key": "http-https-redirect",
          "schema_version": 0,
          "attributes": {
            "alpn_policy": null,
            "arn": "arn:aws:elasticloadbalancing:us-west-2:396383602106:listener/app/servev2/89c3d94389701b45/89f9578810290074",
            "certificate_arn": null,
            "default_action": [
              {
                "authenticate_cognito": [],
                "authenticate_oidc": [],
                "fixed_response": [],
                "forward": [],
                "order": 1,
                "redirect": [
                  {
                    "host": "#{host}",
                    "path": "/#{path}",
                    "port": "443",
                    "protocol": "HTTPS",
                    "query": "#{query}",
                    "status_code": "HTTP_301"
                  }
                ],
                "target_group_arn": "",
                "type": "redirect"
              }
            ],
            "id": "arn:aws:elasticloadbalancing:us-west-2:396383602106:listener/app/servev2/89c3d94389701b45/89f9578810290074",
            "load_balancer_arn": "arn:aws:elasticloadbalancing:us-west-2:396383602106:loadbalancer/app/servev2/89c3d94389701b45",
            "mutual_authentication": [],
            "port": 80,
            "protocol": "HTTP",
            "routing_http_request_x_amzn_mtls_clientcert_header_name": null,
            "routing_http_request_x_amzn_mtls_clientcert_issuer_header_name": null,
            "routing_http_request_x_amzn_mtls_clientcert_leaf_header_name": null,
            "routing_http_request_x_amzn_mtls_clientcert_serial_number_header_name": null,
            "routing_http_request_x_amzn_mtls_clientcert_subject_header_name": null,
            "routing_http_request_x_amzn_mtls_clientcert_validity_header_name": null,
            "routing_http_request_x_amzn_tls_cipher_suite_header_name": null,
            "routing_http_request_x_amzn_tls_version_header_name": null,
            "routing_http_response_access_control_allow_credentials_header_value": "",
            "routing_http_response_access_control_allow_headers_header_value": "",
            "routing_http_response_access_control_allow_methods_header_value": "",
            "routing_http_response_access_control_allow_origin_header_value": "",
            "routing_http_response_access_control_expose_headers_header_value": "",
            "routing_http_response_access_control_max_age_header_value": "",
            "routing_http_response_content_security_policy_header_value": "",
            "routing_http_response_server_enabled": false,
            "routing_http_response_strict_transport_security_header_value": "",
            "routing_http_response_x_content_type_options_header_value": "",
            "routing_http_response_x_frame_options_header_value": "",
            "ssl_policy": "",
            "tags": {
              "terraform-aws-modules": "alb"
            },
            "tags_all": {
              "App": "serve",
              "Terraform": "true",
              "terraform-aws-modules": "alb"
            },
            "tcp_idle_timeout_seconds": null,
            "timeouts": null
          },
          "sensitive_attributes": [],
          "private": "eyJlMmJmYjczMC1lY2FhLTExZTYtOGY4OC0zNDM2M2JjN2M0YzAiOnsiY3JlYXRlIjozMDAwMDAwMDAwMDAsInVwZGF0ZSI6MzAwMDAwMDAwMDAwfX0=",
          "dependencies": [
            "aws_security_group.serve_alb",
            "data.aws_acm_certificate.serve",
            "data.aws_subnets.public",
            "data.aws_vpc.this",
            "module.alb.aws_lb.this",
            "module.alb.aws_lb_target_group.this",
            "module.alb.aws_security_group.this"
          ]
        },
        {
          "index_key": "https",
          "schema_version": 0,
          "attributes": {
            "alpn_policy": null,
            "arn": "arn:aws:elasticloadbalancing:us-west-2:396383602106:listener/app/servev2/89c3d94389701b45/78a045a72ec61809",
            "certificate_arn": "arn:aws:acm:us-west-2:396383602106:certificate/8a332446-29e9-4d96-8fc4-cbe0cc76b64a",
            "default_action": [
              {
                "authenticate_cognito": [],
                "authenticate_oidc": [],
                "fixed_response": [],
                "forward": [],
                "order": 1,
                "redirect": [],
                "target_group_arn": "arn:aws:elasticloadbalancing:us-west-2:396383602106:targetgroup/tf-20250418164631776500000001/7618c59583544cc3",
                "type": "forward"
              }
            ],
            "id": "arn:aws:elasticloadbalancing:us-west-2:396383602106:listener/app/servev2/89c3d94389701b45/78a045a72ec61809",
            "load_balancer_arn": "arn:aws:elasticloadbalancing:us-west-2:396383602106:loadbalancer/app/servev2/89c3d94389701b45",
            "mutual_authentication": [
              {
                "advertise_trust_store_ca_names": "",
                "ignore_client_certificate_expiry": false,
                "mode": "off",
                "trust_store_arn": ""
              }
            ],
            "port": 443,
            "protocol": "HTTPS",
            "routing_http_request_x_amzn_mtls_clientcert_header_name": "",
            "routing_http_request_x_amzn_mtls_clientcert_issuer_header_name": "",
            "routing_http_request_x_amzn_mtls_clientcert_leaf_header_name": "",
            "routing_http_request_x_amzn_mtls_clientcert_serial_number_header_name": "",
            "routing_http_request_x_amzn_mtls_clientcert_subject_header_name": "",
            "routing_http_request_x_amzn_mtls_clientcert_validity_header_name": "",
            "routing_http_request_x_amzn_tls_cipher_suite_header_name": "",
            "routing_http_request_x_amzn_tls_version_header_name": "",
            "routing_http_response_access_control_allow_credentials_header_value": "",
            "routing_http_response_access_control_allow_headers_header_value": "",
            "routing_http_response_access_control_allow_methods_header_value": "",
            "routing_http_response_access_control_allow_origin_header_value": "",
            "routing_http_response_access_control_expose_headers_header_value": "",
            "routing_http_response_access_control_max_age_header_value": "",
            "routing_http_response_content_security_policy_header_value": "",
            "routing_http_response_server_enabled": false,
            "routing_http_response_strict_transport_security_header_value": "",
            "routing_http_response_x_content_type_options_header_value": "",
            "routing_http_response_x_frame_options_header_value": "",
            "ssl_policy": "ELBSecurityPolicy-TLS13-1-2-2021-06",
            "tags": {
              "terraform-aws-modules": "alb"
            },
            "tags_all": {
              "App": "serve",
              "Terraform": "true",
              "terraform-aws-modules": "alb"
            },
            "tcp_idle_timeout_seconds": null,
            "timeouts": null
          },
          "sensitive_attributes": [],
          "private": "eyJlMmJmYjczMC1lY2FhLTExZTYtOGY4OC0zNDM2M2JjN2M0YzAiOnsiY3JlYXRlIjozMDAwMDAwMDAwMDAsInVwZGF0ZSI6MzAwMDAwMDAwMDAwfX0=",
          "dependencies": [
            "aws_security_group.serve_alb",
            "data.aws_acm_certificate.serve",
            "data.aws_subnets.public",
            "data.aws_vpc.this",
            "module.alb.aws_lb.this",
            "module.alb.aws_lb_target_group.this",
            "module.alb.aws_security_group.this"
          ]
        }
      ]
    },
    {
      "module": "module.alb",
      "mode": "managed",
      "type": "aws_lb_listener_rule",
      "name": "this",
      "provider": "provider[\"registry.terraform.io/hashicorp/aws\"]",
      "instances": [
        {
          "index_key": "https/api",
          "schema_version": 0,
          "attributes": {
            "action": [
              {
                "authenticate_cognito": [],
                "authenticate_oidc": [],
                "fixed_response": [],
                "forward": [],
                "order": 1,
                "redirect": [],
                "target_group_arn": "arn:aws:elasticloadbalancing:us-west-2:396383602106:targetgroup/tf-20250418164631776500000002/5d2df3e20b649384",
                "type": "forward"
              }
            ],
            "arn": "arn:aws:elasticloadbalancing:us-west-2:396383602106:listener-rule/app/servev2/89c3d94389701b45/78a045a72ec61809/312c5e5eec11fb5a",
            "condition": [
              {
                "host_header": [],
                "http_header": [],
                "http_request_method": [],
                "path_pattern": [
                  {
                    "values": [
                      "/api/*"
                    ]
                  }
                ],
                "query_string": [],
                "source_ip": []
              }
            ],
            "id": "arn:aws:elasticloadbalancing:us-west-2:396383602106:listener-rule/app/servev2/89c3d94389701b45/78a045a72ec61809/312c5e5eec11fb5a",
            "listener_arn": "arn:aws:elasticloadbalancing:us-west-2:396383602106:listener/app/servev2/89c3d94389701b45/78a045a72ec61809",
            "priority": 10,
            "tags": {
              "Name": "api",
              "terraform-aws-modules": "alb"
            },
            "tags_all": {
              "App": "serve",
              "Name": "api",
              "Terraform": "true",
              "terraform-aws-modules": "alb"
            }
          },
          "sensitive_attributes": [],
          "private": "bnVsbA==",
          "dependencies": [
            "aws_security_group.serve_alb",
            "data.aws_acm_certificate.serve",
            "data.aws_subnets.public",
            "data.aws_vpc.this",
            "module.alb.aws_lb.this",
            "module.alb.aws_lb_listener.this",
            "module.alb.aws_lb_target_group.this",
            "module.alb.aws_security_group.this"
          ]
        }
      ]
    },
    {
      "module": "module.alb",
      "mode": "managed",
      "type": "aws_lb_target_group",
      "name": "this",
      "provider": "provider[\"registry.terraform.io/hashicorp/aws\"]",
      "instances": [
        {
          "index_key": "serve-api",
          "schema_version": 0,
          "attributes": {
            "arn": "arn:aws:elasticloadbalancing:us-west-2:396383602106:targetgroup/tf-20250418164631776500000002/5d2df3e20b649384",
            "arn_suffix": "targetgroup/tf-20250418164631776500000002/5d2df3e20b649384",
            "connection_termination": null,
            "deregistration_delay": "300",
            "health_check": [
              {
                "enabled": true,
                "healthy_threshold": 5,
                "interval": 30,
                "matcher": "404",
                "path": "/",
                "port": "traffic-port",
                "protocol": "HTTP",
                "timeout": 5,
                "unhealthy_threshold": 2
              }
            ],
            "id": "arn:aws:elasticloadbalancing:us-west-2:396383602106:targetgroup/tf-20250418164631776500000002/5d2df3e20b649384",
            "ip_address_type": "ipv4",
            "lambda_multi_value_headers_enabled": false,
            "load_balancer_arns": [
              "arn:aws:elasticloadbalancing:us-west-2:396383602106:loadbalancer/app/servev2/89c3d94389701b45"
            ],
            "load_balancing_algorithm_type": "round_robin",
            "load_balancing_anomaly_mitigation": "off",
            "load_balancing_cross_zone_enabled": "use_load_balancer_configuration",
            "name": "tf-20250418164631776500000002",
            "name_prefix": "tf-",
            "port": 8080,
            "preserve_client_ip": null,
            "protocol": "HTTP",
            "protocol_version": "HTTP1",
            "proxy_protocol_v2": false,
            "slow_start": 0,
            "stickiness": [
              {
                "cookie_duration": 86400,
                "cookie_name": "",
                "enabled": false,
                "type": "lb_cookie"
              }
            ],
            "tags": {
              "terraform-aws-modules": "alb"
            },
            "tags_all": {
              "App": "serve",
              "Terraform": "true",
              "terraform-aws-modules": "alb"
            },
            "target_failover": [
              {
                "on_deregistration": null,
                "on_unhealthy": null
              }
            ],
            "target_group_health": [
              {
                "dns_failover": [
                  {
                    "minimum_healthy_targets_count": "1",
                    "minimum_healthy_targets_percentage": "off"
                  }
                ],
                "unhealthy_state_routing": [
                  {
                    "minimum_healthy_targets_count": 1,
                    "minimum_healthy_targets_percentage": "off"
                  }
                ]
              }
            ],
            "target_health_state": [
              {
                "enable_unhealthy_connection_termination": null,
                "unhealthy_draining_interval": null
              }
            ],
            "target_type": "instance",
            "vpc_id": "vpc-08b316cba5fac8d41"
          },
          "sensitive_attributes": [],
          "private": "bnVsbA==",
          "dependencies": [
            "data.aws_vpc.this"
          ],
          "create_before_destroy": true
        },
        {
          "index_key": "serve-fe",
          "schema_version": 0,
          "attributes": {
            "arn": "arn:aws:elasticloadbalancing:us-west-2:396383602106:targetgroup/tf-20250418164631776500000001/7618c59583544cc3",
            "arn_suffix": "targetgroup/tf-20250418164631776500000001/7618c59583544cc3",
            "connection_termination": null,
            "deregistration_delay": "300",
            "health_check": [
              {
                "enabled": true,
                "healthy_threshold": 5,
                "interval": 30,
                "matcher": "200",
                "path": "/",
                "port": "traffic-port",
                "protocol": "HTTP",
                "timeout": 5,
                "unhealthy_threshold": 2
              }
            ],
            "id": "arn:aws:elasticloadbalancing:us-west-2:396383602106:targetgroup/tf-20250418164631776500000001/7618c59583544cc3",
            "ip_address_type": "ipv4",
            "lambda_multi_value_headers_enabled": false,
            "load_balancer_arns": [
              "arn:aws:elasticloadbalancing:us-west-2:396383602106:loadbalancer/app/servev2/89c3d94389701b45"
            ],
            "load_balancing_algorithm_type": "round_robin",
            "load_balancing_anomaly_mitigation": "off",
            "load_balancing_cross_zone_enabled": "use_load_balancer_configuration",
            "name": "tf-20250418164631776500000001",
            "name_prefix": "tf-",
            "port": 3000,
            "preserve_client_ip": null,
            "protocol": "HTTP",
            "protocol_version": "HTTP1",
            "proxy_protocol_v2": false,
            "slow_start": 0,
            "stickiness": [
              {
                "cookie_duration": 86400,
                "cookie_name": "",
                "enabled": false,
                "type": "lb_cookie"
              }
            ],
            "tags": {
              "terraform-aws-modules": "alb"
            },
            "tags_all": {
              "App": "serve",
              "Terraform": "true",
              "terraform-aws-modules": "alb"
            },
            "target_failover": [
              {
                "on_deregistration": null,
                "on_unhealthy": null
              }
            ],
            "target_group_health": [
              {
                "dns_failover": [
                  {
                    "minimum_healthy_targets_count": "1",
                    "minimum_healthy_targets_percentage": "off"
                  }
                ],
                "unhealthy_state_routing": [
                  {
                    "minimum_healthy_targets_count": 1,
                    "minimum_healthy_targets_percentage": "off"
                  }
                ]
              }
            ],
            "target_health_state": [
              {
                "enable_unhealthy_connection_termination": null,
                "unhealthy_draining_interval": null
              }
            ],
            "target_type": "instance",
            "vpc_id": "vpc-08b316cba5fac8d41"
          },
          "sensitive_attributes": [],
          "private": "bnVsbA==",
          "dependencies": [
            "data.aws_vpc.this"
          ],
          "create_before_destroy": true
        }
      ]
    },
    {
      "module": "module.alb",
      "mode": "managed",
      "type": "aws_lb_target_group_attachment",
      "name": "this",
      "provider": "provider[\"registry.terraform.io/hashicorp/aws\"]",
      "instances": [
        {
          "index_key": "serve-api",
          "schema_version": 0,
          "attributes": {
            "availability_zone": null,
            "id": "arn:aws:elasticloadbalancing:us-west-2:396383602106:targetgroup/tf-20250418164631776500000002/5d2df3e20b649384-20250418164633047700000003",
            "port": 8080,
            "target_group_arn": "arn:aws:elasticloadbalancing:us-west-2:396383602106:targetgroup/tf-20250418164631776500000002/5d2df3e20b649384",
            "target_id": "i-0c1267556bad83229"
          },
          "sensitive_attributes": [],
          "private": "bnVsbA==",
          "dependencies": [
            "data.aws_vpc.this",
            "module.alb.aws_lambda_permission.this",
            "module.alb.aws_lb_target_group.this",
            "module.alb.data.aws_partition.current"
          ]
        },
        {
          "index_key": "serve-fe",
          "schema_version": 0,
          "attributes": {
            "availability_zone": null,
            "id": "arn:aws:elasticloadbalancing:us-west-2:396383602106:targetgroup/tf-20250418164631776500000001/7618c59583544cc3-20250418164633079100000004",
            "port": 3000,
            "target_group_arn": "arn:aws:elasticloadbalancing:us-west-2:396383602106:targetgroup/tf-20250418164631776500000001/7618c59583544cc3",
            "target_id": "i-0c1267556bad83229"
          },
          "sensitive_attributes": [],
          "private": "bnVsbA==",
          "dependencies": [
            "data.aws_vpc.this",
            "module.alb.aws_lambda_permission.this",
            "module.alb.aws_lb_target_group.this",
            "module.alb.data.aws_partition.current"
          ]
        }
      ]
    }
  ],
  "check_results": null
}
